
Microsoft Visual Studio Solution File, Format Version 12.00
# Visual Studio Version 17
VisualStudioVersion = 17.0.31612.314
MinimumVisualStudioVersion = 10.0.40219.1
Project("{9A19103F-16F7-4668-BE54-9A1E7A4F7556}") = "MovieEntities", "MovieEntities.csproj", "{4C97BF80-42C2-4266-9389-136B247F5180}"
EndProject
Global
	GlobalSection(SolutionConfigurationPlatforms) = preSolution
		Debug|Any CPU = Debug|Any CPU
		Release|Any CPU = Release|Any CPU
	EndGlobalSection
	GlobalSection(ProjectConfigurationPlatforms) = postSolution
		{4C97BF80-42C2-4266-9389-136B247F5180}.Debug|Any CPU.ActiveCfg = Debug|Any CPU
		{4C97BF80-42C2-4266-9389-136B247F5180}.Debug|Any CPU.Build.0 = Debug|Any CPU
		{4C97BF80-42C2-4266-9389-136B247F5180}.Release|Any CPU.ActiveCfg = Release|Any CPU
		{4C97BF80-42C2-4266-9389-136B247F5180}.Release|Any CPU.Build.0 = Release|Any CPU
	EndGlobalSection
	GlobalSection(SolutionProperties) = preSolution
		HideSolutionNode = FALSE
	EndGlobalSection
	GlobalSection(ExtensibilityGlobals) = postSolution
		SolutionGuid = {0AE491EE-871B-47E7-B5D8-A4EC86A46EC7}
	EndGlobalSection
EndGlobal
